{
  "nodes": {
    "nixpkgs": {
      "locked": {
        "lastModified": 1756875158,
        "narHash": "sha256-nDWEPoSmjN0P/NG9XntBijws0vwxnbeq+pKBLJGC0sA=",
        "rev": "d0fc30899600b9b3466ddb260fd83deb486c32f1",
        "type": "tarball",
        "url": "https://releases.nixos.org/nixos/unstable/nixos-25.11pre855242.d0fc30899600/nixexprs.tar.xz"
      },
      "original": {
        "type": "tarball",
        "url": "https://channels.nixos.org/nixos-unstable/nixexprs.tar.xz"
      }
    },
    "root": {
      "inputs": {
        "nixpkgs": "nixpkgs",
        "zon2nix": "zon2nix"
      }
    },
    "zon2nix": {
      "inputs": {
        "nixpkgs": [
          "nixpkgs"
        ]
      },
      "locked": {
        "lastModified": 1757108721,
        "narHash": "sha256-F/aIqn76zO7tSx4I8/1Pg1qJ+jXzNkSXtr2U/IXlF0A=",
        "ref": "refs/heads/main",
        "rev": "7b5973f0ca5b077354c273143a437e4f53bfc4d7",
        "revCount": 476,
        "type": "git",
        "url": "https://github.com/jcollie/zon2nix.git"
      },
      "original": {
        "type": "git",
        "url": "https://github.com/jcollie/zon2nix.git"
      }
    }
  },
  "root": "root",
  "version": 7
}
