{
  "nodes": {
    "nixpkgs": {
      "locked": {
        "lastModified": 1771848320,
        "narHash": "sha256-2j5NAPU1sTVgnrj1FLxkBABP63q2DiRU2eIfEG56kPk=",
        "rev": "2fc6539b481e1d2569f25f8799236694180c0993",
        "type": "tarball",
        "url": "https://releases.nixos.org/nixos/unstable/nixos-26.05pre953160.2fc6539b481e/nixexprs.tar.xz"
      },
      "original": {
        "type": "tarball",
        "url": "https://channels.nixos.org/nixos-unstable/nixexprs.tar.xz"
      }
    },
    "root": {
      "inputs": {
        "nixpkgs": "nixpkgs",
        "zon2nix": "zon2nix"
      }
    },
    "zon2nix": {
      "inputs": {
        "nixpkgs": [
          "nixpkgs"
        ]
      },
      "locked": {
        "lastModified": 1762717967,
        "narHash": "sha256-iL7BNlatn34yABkggwdo/Gb+tNHyIl9sD6uCIbd5Nno=",
        "ref": "refs/heads/main",
        "rev": "28d75a74ac02eef5af438b6bccd9dd1fc840729e",
        "revCount": 486,
        "type": "git",
        "url": "https://github.com/jcollie/zon2nix.git"
      },
      "original": {
        "type": "git",
        "url": "https://github.com/jcollie/zon2nix.git"
      }
    }
  },
  "root": "root",
  "version": 7
}
